
Microsoft Visual Studio Solution File, Format Version 12.00
# Visual Studio Version 17
VisualStudioVersion = 17.3.32804.467
MinimumVisualStudioVersion = 10.0.40219.1
Project("{9A19103F-16F7-4668-BE54-9A1E7A4F7556}") = "LogisticsServiceWeb", "LogisticsServiceWeb\LogisticsServiceWeb.csproj", "{A0A32D81-4264-4453-BCB1-144A98329C0C}"
EndProject
Project("{9A19103F-16F7-4668-BE54-9A1E7A4F7556}") = "LogisticsService.Core", "LogisticsService.Core\LogisticsService.Core.csproj", "{19355F1C-1DFE-484A-980D-6D67176592F9}"
EndProject
Project("{9A19103F-16F7-4668-BE54-9A1E7A4F7556}") = "LogisticsService.DAL", "LogisticsService.DAL\LogisticsService.DAL.csproj", "{1ED4FC9D-C819-4A0B-BE52-8D9D9F5214B1}"
EndProject
Project("{FAE04EC0-301F-11D3-BF4B-00C04F79EFBC}") = "LogisticsService.BLL", "LogisticsService.BLL\LogisticsService.BLL.csproj", "{30570643-4717-4283-86D6-9A62ECB3FB6F}"
EndProject
Global
	GlobalSection(SolutionConfigurationPlatforms) = preSolution
		Debug|Any CPU = Debug|Any CPU
		Release|Any CPU = Release|Any CPU
	EndGlobalSection
	GlobalSection(ProjectConfigurationPlatforms) = postSolution
		{A0A32D81-4264-4453-BCB1-144A98329C0C}.Debug|Any CPU.ActiveCfg = Debug|Any CPU
		{A0A32D81-4264-4453-BCB1-144A98329C0C}.Debug|Any CPU.Build.0 = Debug|Any CPU
		{A0A32D81-4264-4453-BCB1-144A98329C0C}.Release|Any CPU.ActiveCfg = Release|Any CPU
		{A0A32D81-4264-4453-BCB1-144A98329C0C}.Release|Any CPU.Build.0 = Release|Any CPU
		{19355F1C-1DFE-484A-980D-6D67176592F9}.Debug|Any CPU.ActiveCfg = Debug|Any CPU
		{19355F1C-1DFE-484A-980D-6D67176592F9}.Debug|Any CPU.Build.0 = Debug|Any CPU
		{19355F1C-1DFE-484A-980D-6D67176592F9}.Release|Any CPU.ActiveCfg = Release|Any CPU
		{19355F1C-1DFE-484A-980D-6D67176592F9}.Release|Any CPU.Build.0 = Release|Any CPU
		{1ED4FC9D-C819-4A0B-BE52-8D9D9F5214B1}.Debug|Any CPU.ActiveCfg = Debug|Any CPU
		{1ED4FC9D-C819-4A0B-BE52-8D9D9F5214B1}.Debug|Any CPU.Build.0 = Debug|Any CPU
		{1ED4FC9D-C819-4A0B-BE52-8D9D9F5214B1}.Release|Any CPU.ActiveCfg = Release|Any CPU
		{1ED4FC9D-C819-4A0B-BE52-8D9D9F5214B1}.Release|Any CPU.Build.0 = Release|Any CPU
		{30570643-4717-4283-86D6-9A62ECB3FB6F}.Debug|Any CPU.ActiveCfg = Debug|Any CPU
		{30570643-4717-4283-86D6-9A62ECB3FB6F}.Debug|Any CPU.Build.0 = Debug|Any CPU
		{30570643-4717-4283-86D6-9A62ECB3FB6F}.Release|Any CPU.ActiveCfg = Release|Any CPU
		{30570643-4717-4283-86D6-9A62ECB3FB6F}.Release|Any CPU.Build.0 = Release|Any CPU
	EndGlobalSection
	GlobalSection(SolutionProperties) = preSolution
		HideSolutionNode = FALSE
	EndGlobalSection
	GlobalSection(ExtensibilityGlobals) = postSolution
		SolutionGuid = {E1D165A5-B342-4558-A5F2-660262903F10}
	EndGlobalSection
EndGlobal
